// !$*UTF8*$!
{
	archiveVersion = 1;
	classes = {
	};
	objectVersion = 46;
	objects = {

/* Begin PBXBuildFile section */
		EFEC26661CC707B80024DDF1 /* AppDelegate.swift in Sources */ = {isa = PBXBuildFile; fileRef = EFEC26651CC707B80024DDF1 /* AppDelegate.swift */; };
		EFEC26681CC707B80024DDF1 /* ViewController.swift in Sources */ = {isa = PBXBuildFile; fileRef = EFEC26671CC707B80024DDF1 /* ViewController.swift */; };
		EFEC266B1CC707B80024DDF1 /* Main.storyboard in Resources */ = {isa = PBXBuildFile; fileRef = EFEC26691CC707B80024DDF1 /* Main.storyboard */; };
		EFEC266D1CC707B80024DDF1 /* Assets.xcassets in Resources */ = {isa = PBXBuildFile; fileRef = EFEC266C1CC707B80024DDF1 /* Assets.xcassets */; };
		EFEC26701CC707B80024DDF1 /* LaunchScreen.storyboard in Resources */ = {isa = PBXBuildFile; fileRef = EFEC266E1CC707B80024DDF1 /* LaunchScreen.storyboard */; };
		EFEC267B1CC707B90024DDF1 /* TennisWorldTests.swift in Sources */ = {isa = PBXBuildFile; fileRef = EFEC267A1CC707B90024DDF1 /* TennisWorldTests.swift */; };
/* End PBXBuildFile section */

/* Begin PBXContainerItemProxy section */
		EFEC26771CC707B90024DDF1 /* PBXContainerItemProxy */ = {
			isa = PBXContainerItemProxy;
			containerPortal = EFEC265A1CC707B80024DDF1 /* Project object */;
			proxyType = 1;
			remoteGlobalIDString = EFEC26611CC707B80024DDF1;
			remoteInfo = TennisWorld;
		};
/* End PBXContainerItemProxy section */

/* Begin PBXFileReference section */
		EFEC26621CC707B80024DDF1 /* TennisWorld.app */ = {isa = PBXFileReference; explicitFileType = wrapper.application; includeInIndex = 0; path = TennisWorld.app; sourceTree = BUILT_PRODUCTS_DIR; };
		EFEC26651CC707B80024DDF1 /* AppDelegate.swift */ = {isa = PBXFileReference; lastKnownFileType = sourcecode.swift; path = AppDelegate.swift; sourceTree = "<group>"; };
		EFEC26671CC707B80024DDF1 /* ViewController.swift */ = {isa = PBXFileReference; lastKnownFileType = sourcecode.swift; path = ViewController.swift; sourceTree = "<group>"; };
		EFEC266A1CC707B80024DDF1 /* Base */ = {isa = PBXFileReference; lastKnownFileType = file.storyboard; name = Base; path = Base.lproj/Main.storyboard; sourceTree = "<group>"; };
		EFEC266C1CC707B80024DDF1 /* Assets.xcassets */ = {isa = PBXFileReference; lastKnownFileType = folder.assetcatalog; path = Assets.xcassets; sourceTree = "<group>"; };
		EFEC266F1CC707B80024DDF1 /* Base */ = {isa = PBXFileReference; lastKnownFileType = file.storyboard; name = Base; path = Base.lproj/LaunchScreen.storyboard; sourceTree = "<group>"; };
		EFEC26711CC707B80024DDF1 /* Info.plist */ = {isa = PBXFileReference; lastKnownFileType = text.plist.xml; path = Info.plist; sourceTree = "<group>"; };
		EFEC26761CC707B90024DDF1 /* TennisWorldTests.xctest */ = {isa = PBXFileReference; explicitFileType = wrapper.cfbundle; includeInIndex = 0; path = TennisWorldTests.xctest; sourceTree = BUILT_PRODUCTS_DIR; };
		EFEC267A1CC707B90024DDF1 /* TennisWorldTests.swift */ = {isa = PBXFileReference; lastKnownFileType = sourcecode.swift; path = TennisWorldTests.swift; sourceTree = "<group>"; };
		EFEC267C1CC707B90024DDF1 /* Info.plist */ = {isa = PBXFileReference; lastKnownFileType = text.plist.xml; path = Info.plist; sourceTree = "<group>"; };
/* End PBXFileReference section */

/* Begin PBXFrameworksBuildPhase section */
		EFEC265F1CC707B80024DDF1 /* Frameworks */ = {
			isa = PBXFrameworksBuildPhase;
			buildActionMask = 2147483647;
			files = (
			);
			runOnlyForDeploymentPostprocessing = 0;
		};
		EFEC26731CC707B90024DDF1 /* Frameworks */ = {
			isa = PBXFrameworksBuildPhase;
			buildActionMask = 2147483647;
			files = (
			);
			runOnlyForDeploymentPostprocessing = 0;
		};
/* End PBXFrameworksBuildPhase section */

/* Begin PBXGroup section */
		EFEC26591CC707B80024DDF1 = {
			isa = PBXGroup;
			children = (
				EFEC26641CC707B80024DDF1 /* TennisWorld */,
				EFEC26791CC707B90024DDF1 /* TennisWorldTests */,
				EFEC26631CC707B80024DDF1 /* Products */,
			);
			sourceTree = "<group>";
		};
		EFEC26631CC707B80024DDF1 /* Products */ = {
			isa = PBXGroup;
			children = (
				EFEC26621CC707B80024DDF1 /* TennisWorld.app */,
				EFEC26761CC707B90024DDF1 /* TennisWorldTests.xctest */,
			);
			name = Products;
			sourceTree = "<group>";
		};
		EFEC26641CC707B80024DDF1 /* TennisWorld */ = {
			isa = PBXGroup;
			children = (
				EFEC26651CC707B80024DDF1 /* AppDelegate.swift */,
				EFEC26671CC707B80024DDF1 /* ViewController.swift */,
				EFEC26691CC707B80024DDF1 /* Main.storyboard */,
				EFEC266C1CC707B80024DDF1 /* Assets.xcassets */,
				EFEC266E1CC707B80024DDF1 /* LaunchScreen.storyboard */,
				EFEC26711CC707B80024DDF1 /* Info.plist */,
			);
			path = TennisWorld;
			sourceTree = "<group>";
		};
		EFEC26791CC707B90024DDF1 /* TennisWorldTests */ = {
			isa = PBXGroup;
			children = (
				EFEC267A1CC707B90024DDF1 /* TennisWorldTests.swift */,
				EFEC267C1CC707B90024DDF1 /* Info.plist */,
			);
			path = TennisWorldTests;
			sourceTree = "<group>";
		};
/* End PBXGroup section */

/* Begin PBXNativeTarget section */
		EFEC26611CC707B80024DDF1 /* TennisWorld */ = {
			isa = PBXNativeTarget;
			buildConfigurationList = EFEC267F1CC707B90024DDF1 /* Build configuration list for PBXNativeTarget "TennisWorld" */;
			buildPhases = (
				EFEC265E1CC707B80024DDF1 /* Sources */,
				EFEC265F1CC707B80024DDF1 /* Frameworks */,
				EFEC26601CC707B80024DDF1 /* Resources */,
			);
			buildRules = (
			);
			dependencies = (
			);
			name = TennisWorld;
			productName = TennisWorld;
			productReference = EFEC26621CC707B80024DDF1 /* TennisWorld.app */;
			productType = "com.apple.product-type.application";
		};
		EFEC26751CC707B90024DDF1 /* TennisWorldTests */ = {
			isa = PBXNativeTarget;
			buildConfigurationList = EFEC26821CC707B90024DDF1 /* Build configuration list for PBXNativeTarget "TennisWorldTests" */;
			buildPhases = (
				EFEC26721CC707B90024DDF1 /* Sources */,
				EFEC26731CC707B90024DDF1 /* Frameworks */,
				EFEC26741CC707B90024DDF1 /* Resources */,
			);
			buildRules = (
			);
			dependencies = (
				EFEC26781CC707B90024DDF1 /* PBXTargetDependency */,
			);
			name = TennisWorldTests;
			productName = TennisWorldTests;
			productReference = EFEC26761CC707B90024DDF1 /* TennisWorldTests.xctest */;
			productType = "com.apple.product-type.bundle.unit-test";
		};
/* End PBXNativeTarget section */

/* Begin PBXProject section */
		EFEC265A1CC707B80024DDF1 /* Project object */ = {
			isa = PBXProject;
			attributes = {
				LastSwiftUpdateCheck = 0720;
				LastUpgradeCheck = 0720;
				ORGANIZATIONNAME = "Ankit Kumar";
				TargetAttributes = {
					EFEC26611CC707B80024DDF1 = {
						CreatedOnToolsVersion = 7.2.1;
						DevelopmentTeam = J94UKTLVH6;
					};
					EFEC26751CC707B90024DDF1 = {
						CreatedOnToolsVersion = 7.2.1;
						DevelopmentTeam = J94UKTLVH6;
						TestTargetID = EFEC26611CC707B80024DDF1;
					};
				};
			};
			buildConfigurationList = EFEC265D1CC707B80024DDF1 /* Build configuration list for PBXProject "TennisWorld" */;
			compatibilityVersion = "Xcode 3.2";
			developmentRegion = English;
			hasScannedForEncodings = 0;
			knownRegions = (
				en,
				Base,
			);
			mainGroup = EFEC26591CC707B80024DDF1;
			productRefGroup = EFEC26631CC707B80024DDF1 /* Products */;
			projectDirPath = "";
			projectRoot = "";
			targets = (
				EFEC26611CC707B80024DDF1 /* TennisWorld */,
				EFEC26751CC707B90024DDF1 /* TennisWorldTests */,
			);
		};
/* End PBXProject section */

/* Begin PBXResourcesBuildPhase section */
		EFEC26601CC707B80024DDF1 /* Resources */ = {
			isa = PBXResourcesBuildPhase;
			buildActionMask = 2147483647;
			files = (
				EFEC26701CC707B80024DDF1 /* LaunchScreen.storyboard in Resources */,
				EFEC266D1CC707B80024DDF1 /* Assets.xcassets in Resources */,
				EFEC266B1CC707B80024DDF1 /* Main.storyboard in Resources */,
			);
			runOnlyForDeploymentPostprocessing = 0;
		};
		EFEC26741CC707B90024DDF1 /* Resources */ = {
			isa = PBXResourcesBuildPhase;
			buildActionMask = 2147483647;
			files = (
			);
			runOnlyForDeploymentPostprocessing = 0;
		};
/* End PBXResourcesBuildPhase section */

/* Begin PBXSourcesBuildPhase section */
		EFEC265E1CC707B80024DDF1 /* Sources */ = {
			isa = PBXSourcesBuildPhase;
			buildActionMask = 2147483647;
			files = (
				EFEC26681CC707B80024DDF1 /* ViewController.swift in Sources */,
				EFEC26661CC707B80024DDF1 /* AppDelegate.swift in Sources */,
			);
			runOnlyForDeploymentPostprocessing = 0;
		};
		EFEC26721CC707B90024DDF1 /* Sources */ = {
			isa = PBXSourcesBuildPhase;
			buildActionMask = 2147483647;
			files = (
				EFEC267B1CC707B90024DDF1 /* TennisWorldTests.swift in Sources */,
			);
			runOnlyForDeploymentPostprocessing = 0;
		};
/* End PBXSourcesBuildPhase section */

/* Begin PBXTargetDependency section */
		EFEC26781CC707B90024DDF1 /* PBXTargetDependency */ = {
			isa = PBXTargetDependency;
			target = EFEC26611CC707B80024DDF1 /* TennisWorld */;
			targetProxy = EFEC26771CC707B90024DDF1 /* PBXContainerItemProxy */;
		};
/* End PBXTargetDependency section */

/* Begin PBXVariantGroup section */
		EFEC26691CC707B80024DDF1 /* Main.storyboard */ = {
			isa = PBXVariantGroup;
			children = (
				EFEC266A1CC707B80024DDF1 /* Base */,
			);
			name = Main.storyboard;
			sourceTree = "<group>";
		};
		EFEC266E1CC707B80024DDF1 /* LaunchScreen.storyboard */ = {
			isa = PBXVariantGroup;
			children = (
				EFEC266F1CC707B80024DDF1 /* Base */,
			);
			name = LaunchScreen.storyboard;
			sourceTree = "<group>";
		};
/* End PBXVariantGroup section */

/* Begin XCBuildConfiguration section */
		EFEC267D1CC707B90024DDF1 /* Debug */ = {
			isa = XCBuildConfiguration;
			buildSettings = {
				ALWAYS_SEARCH_USER_PATHS = NO;
				CLANG_CXX_LANGUAGE_STANDARD = "gnu++0x";
				CLANG_CXX_LIBRARY = "libc++";
				CLANG_ENABLE_MODULES = YES;
				CLANG_ENABLE_OBJC_ARC = YES;
				CLANG_WARN_BOOL_CONVERSION = YES;
				CLANG_WARN_CONSTANT_CONVERSION = YES;
				CLANG_WARN_DIRECT_OBJC_ISA_USAGE = YES_ERROR;
				CLANG_WARN_EMPTY_BODY = YES;
				CLANG_WARN_ENUM_CONVERSION = YES;
				CLANG_WARN_INT_CONVERSION = YES;
				CLANG_WARN_OBJC_ROOT_CLASS = YES_ERROR;
				CLANG_WARN_UNREACHABLE_CODE = YES;
				CLANG_WARN__DUPLICATE_METHOD_MATCH = YES;
				"CODE_SIGN_IDENTITY[sdk=iphoneos*]" = "iPhone Developer";
				COPY_PHASE_STRIP = NO;
				DEBUG_INFORMATION_FORMAT = dwarf;
				ENABLE_STRICT_OBJC_MSGSEND = YES;
				ENABLE_TESTABILITY = YES;
				GCC_C_LANGUAGE_STANDARD = gnu99;
				GCC_DYNAMIC_NO_PIC = NO;
				GCC_NO_COMMON_BLOCKS = YES;
				GCC_OPTIMIZATION_LEVEL = 0;
				GCC_PREPROCESSOR_DEFINITIONS = (
					"DEBUG=1",
					"$(inherited)",
				);
				GCC_WARN_64_TO_32_BIT_CONVERSION = YES;
				GCC_WARN_ABOUT_RETURN_TYPE = YES_ERROR;
				GCC_WARN_UNDECLARED_SELECTOR = YES;
				GCC_WARN_UNINITIALIZED_AUTOS = YES_AGGRESSIVE;
				GCC_WARN_UNUSED_FUNCTION = YES;
				GCC_WARN_UNUSED_VARIABLE = YES;
				IPHONEOS_DEPLOYMENT_TARGET = 9.2;
				MTL_ENABLE_DEBUG_INFO = YES;
				ONLY_ACTIVE_ARCH = YES;
				SDKROOT = iphoneos;
				SWIFT_OPTIMIZATION_LEVEL = "-Onone";
				TARGETED_DEVICE_FAMILY = "1,2";
			};
			name = Debug;
		};
		EFEC267E1CC707B90024DDF1 /* Release */ = {
			isa = XCBuildConfiguration;
			buildSettings = {
				ALWAYS_SEARCH_USER_PATHS = NO;
				CLANG_CXX_LANGUAGE_STANDARD = "gnu++0x";
				CLANG_CXX_LIBRARY = "libc++";
				CLANG_ENABLE_MODULES = YES;
				CLANG_ENABLE_OBJC_ARC = YES;
				CLANG_WARN_BOOL_CONVERSION = YES;
				CLANG_WARN_CONSTANT_CONVERSION = YES;
				CLANG_WARN_DIRECT_OBJC_ISA_USAGE = YES_ERROR;
				CLANG_WARN_EMPTY_BODY = YES;
				CLANG_WARN_ENUM_CONVERSION = YES;
				CLANG_WARN_INT_CONVERSION = YES;
				CLANG_WARN_OBJC_ROOT_CLASS = YES_ERROR;
				CLANG_WARN_UNREACHABLE_CODE = YES;
				CLANG_WARN__DUPLICATE_METHOD_MATCH = YES;
				"CODE_SIGN_IDENTITY[sdk=iphoneos*]" = "iPhone Developer";
				COPY_PHASE_STRIP = NO;
				DEBUG_INFORMATION_FORMAT = "dwarf-with-dsym";
				ENABLE_NS_ASSERTIONS = NO;
				ENABLE_STRICT_OBJC_MSGSEND = YES;
				GCC_C_LANGUAGE_STANDARD = gnu99;
				GCC_NO_COMMON_BLOCKS = YES;
				GCC_WARN_64_TO_32_BIT_CONVERSION = YES;
				GCC_WARN_ABOUT_RETURN_TYPE = YES_ERROR;
				GCC_WARN_UNDECLARED_SELECTOR = YES;
				GCC_WARN_UNINITIALIZED_AUTOS = YES_AGGRESSIVE;
				GCC_WARN_UNUSED_FUNCTION = YES;
				GCC_WARN_UNUSED_VARIABLE = YES;
				IPHONEOS_DEPLOYMENT_TARGET = 9.2;
				MTL_ENABLE_DEBUG_INFO = NO;
				SDKROOT = iphoneos;
				TARGETED_DEVICE_FAMILY = "1,2";
				VALIDATE_PRODUCT = YES;
			};
			name = Release;
		};
		EFEC26801CC707B90024DDF1 /* Debug */ = {
			isa = XCBuildConfiguration;
			buildSettings = {
				ASSETCATALOG_COMPILER_APPICON_NAME = AppIcon;
				INFOPLIST_FILE = TennisWorld/Info.plist;
				LD_RUNPATH_SEARCH_PATHS = "$(inherited) @executable_path/Frameworks";
				PRODUCT_BUNDLE_IDENTIFIER = com.kumarankit.TennisWorld;
				PRODUCT_NAME = "$(TARGET_NAME)";
			};
			name = Debug;
		};
		EFEC26811CC707B90024DDF1 /* Release */ = {
			isa = XCBuildConfiguration;
			buildSettings = {
				ASSETCATALOG_COMPILER_APPICON_NAME = AppIcon;
				INFOPLIST_FILE = TennisWorld/Info.plist;
				LD_RUNPATH_SEARCH_PATHS = "$(inherited) @executable_path/Frameworks";
				PRODUCT_BUNDLE_IDENTIFIER = com.kumarankit.TennisWorld;
				PRODUCT_NAME = "$(TARGET_NAME)";
			};
			name = Release;
		};
		EFEC26831CC707B90024DDF1 /* Debug */ = {
			isa = XCBuildConfiguration;
			buildSettings = {
				BUNDLE_LOADER = "$(TEST_HOST)";
				INFOPLIST_FILE = TennisWorldTests/Info.plist;
				LD_RUNPATH_SEARCH_PATHS = "$(inherited) @executable_path/Frameworks @loader_path/Frameworks";
				PRODUCT_BUNDLE_IDENTIFIER = com.kumarankit.TennisWorldTests;
				PRODUCT_NAME = "$(TARGET_NAME)";
				TEST_HOST = "$(BUILT_PRODUCTS_DIR)/TennisWorld.app/TennisWorld";
			};
			name = Debug;
		};
		EFEC26841CC707B90024DDF1 /* Release */ = {
			isa = XCBuildConfiguration;
			buildSettings = {
				BUNDLE_LOADER = "$(TEST_HOST)";
				INFOPLIST_FILE = TennisWorldTests/Info.plist;
				LD_RUNPATH_SEARCH_PATHS = "$(inherited) @executable_path/Frameworks @loader_path/Frameworks";
				PRODUCT_BUNDLE_IDENTIFIER = com.kumarankit.TennisWorldTests;
				PRODUCT_NAME = "$(TARGET_NAME)";
				TEST_HOST = "$(BUILT_PRODUCTS_DIR)/TennisWorld.app/TennisWorld";
			};
			name = Release;
		};
/* End XCBuildConfiguration section */

/* Begin XCConfigurationList section */
		EFEC265D1CC707B80024DDF1 /* Build configuration list for PBXProject "TennisWorld" */ = {
			isa = XCConfigurationList;
			buildConfigurations = (
				EFEC267D1CC707B90024DDF1 /* Debug */,
				EFEC267E1CC707B90024DDF1 /* Release */,
			);
			defaultConfigurationIsVisible = 0;
			defaultConfigurationName = Release;
		};
		EFEC267F1CC707B90024DDF1 /* Build configuration list for PBXNativeTarget "TennisWorld" */ = {
			isa = XCConfigurationList;
			buildConfigurations = (
				EFEC26801CC707B90024DDF1 /* Debug */,
				EFEC26811CC707B90024DDF1 /* Release */,
			);
			defaultConfigurationIsVisible = 0;
		};
		EFEC26821CC707B90024DDF1 /* Build configuration list for PBXNativeTarget "TennisWorldTests" */ = {
			isa = XCConfigurationList;
			buildConfigurations = (
				EFEC26831CC707B90024DDF1 /* Debug */,
				EFEC26841CC707B90024DDF1 /* Release */,
			);
			defaultConfigurationIsVisible = 0;
		};
/* End XCConfigurationList section */
	};
	rootObject = EFEC265A1CC707B80024DDF1 /* Project object */;
}
