// !$*UTF8*$!
{
	archiveVersion = 1;
	classes = {
	};
	objectVersion = 46;
	objects = {

/* Begin PBXBuildFile section */
		EF25C3E81CA3C38300F03B29 /* AppDelegate.swift in Sources */ = {isa = PBXBuildFile; fileRef = EF25C3E71CA3C38300F03B29 /* AppDelegate.swift */; };
		EF25C3EA1CA3C38300F03B29 /* ViewController.swift in Sources */ = {isa = PBXBuildFile; fileRef = EF25C3E91CA3C38300F03B29 /* ViewController.swift */; };
		EF25C3ED1CA3C38300F03B29 /* Main.storyboard in Resources */ = {isa = PBXBuildFile; fileRef = EF25C3EB1CA3C38300F03B29 /* Main.storyboard */; };
		EF25C3EF1CA3C38300F03B29 /* Assets.xcassets in Resources */ = {isa = PBXBuildFile; fileRef = EF25C3EE1CA3C38300F03B29 /* Assets.xcassets */; };
		EF25C3F21CA3C38300F03B29 /* LaunchScreen.storyboard in Resources */ = {isa = PBXBuildFile; fileRef = EF25C3F01CA3C38300F03B29 /* LaunchScreen.storyboard */; };
		EF25C3FD1CA3C38300F03B29 /* MinesweeperTests.swift in Sources */ = {isa = PBXBuildFile; fileRef = EF25C3FC1CA3C38300F03B29 /* MinesweeperTests.swift */; };
		EF25C4081CA3C52300F03B29 /* Model.swift in Sources */ = {isa = PBXBuildFile; fileRef = EF25C4071CA3C52300F03B29 /* Model.swift */; };
		EF25C40A1CA3C80500F03B29 /* MyView.swift in Sources */ = {isa = PBXBuildFile; fileRef = EF25C4091CA3C80500F03B29 /* MyView.swift */; };
/* End PBXBuildFile section */

/* Begin PBXContainerItemProxy section */
		EF25C3F91CA3C38300F03B29 /* PBXContainerItemProxy */ = {
			isa = PBXContainerItemProxy;
			containerPortal = EF25C3DC1CA3C38300F03B29 /* Project object */;
			proxyType = 1;
			remoteGlobalIDString = EF25C3E31CA3C38300F03B29;
			remoteInfo = Minesweeper;
		};
/* End PBXContainerItemProxy section */

/* Begin PBXFileReference section */
		EF25C3E41CA3C38300F03B29 /* Minesweeper.app */ = {isa = PBXFileReference; explicitFileType = wrapper.application; includeInIndex = 0; path = Minesweeper.app; sourceTree = BUILT_PRODUCTS_DIR; };
		EF25C3E71CA3C38300F03B29 /* AppDelegate.swift */ = {isa = PBXFileReference; lastKnownFileType = sourcecode.swift; path = AppDelegate.swift; sourceTree = "<group>"; };
		EF25C3E91CA3C38300F03B29 /* ViewController.swift */ = {isa = PBXFileReference; lastKnownFileType = sourcecode.swift; path = ViewController.swift; sourceTree = "<group>"; };
		EF25C3EC1CA3C38300F03B29 /* Base */ = {isa = PBXFileReference; lastKnownFileType = file.storyboard; name = Base; path = Base.lproj/Main.storyboard; sourceTree = "<group>"; };
		EF25C3EE1CA3C38300F03B29 /* Assets.xcassets */ = {isa = PBXFileReference; lastKnownFileType = folder.assetcatalog; path = Assets.xcassets; sourceTree = "<group>"; };
		EF25C3F11CA3C38300F03B29 /* Base */ = {isa = PBXFileReference; lastKnownFileType = file.storyboard; name = Base; path = Base.lproj/LaunchScreen.storyboard; sourceTree = "<group>"; };
		EF25C3F31CA3C38300F03B29 /* Info.plist */ = {isa = PBXFileReference; lastKnownFileType = text.plist.xml; path = Info.plist; sourceTree = "<group>"; };
		EF25C3F81CA3C38300F03B29 /* MinesweeperTests.xctest */ = {isa = PBXFileReference; explicitFileType = wrapper.cfbundle; includeInIndex = 0; path = MinesweeperTests.xctest; sourceTree = BUILT_PRODUCTS_DIR; };
		EF25C3FC1CA3C38300F03B29 /* MinesweeperTests.swift */ = {isa = PBXFileReference; lastKnownFileType = sourcecode.swift; path = MinesweeperTests.swift; sourceTree = "<group>"; };
		EF25C3FE1CA3C38300F03B29 /* Info.plist */ = {isa = PBXFileReference; lastKnownFileType = text.plist.xml; path = Info.plist; sourceTree = "<group>"; };
		EF25C4071CA3C52300F03B29 /* Model.swift */ = {isa = PBXFileReference; fileEncoding = 4; lastKnownFileType = sourcecode.swift; path = Model.swift; sourceTree = "<group>"; };
		EF25C4091CA3C80500F03B29 /* MyView.swift */ = {isa = PBXFileReference; fileEncoding = 4; lastKnownFileType = sourcecode.swift; path = MyView.swift; sourceTree = "<group>"; };
/* End PBXFileReference section */

/* Begin PBXFrameworksBuildPhase section */
		EF25C3E11CA3C38300F03B29 /* Frameworks */ = {
			isa = PBXFrameworksBuildPhase;
			buildActionMask = 2147483647;
			files = (
			);
			runOnlyForDeploymentPostprocessing = 0;
		};
		EF25C3F51CA3C38300F03B29 /* Frameworks */ = {
			isa = PBXFrameworksBuildPhase;
			buildActionMask = 2147483647;
			files = (
			);
			runOnlyForDeploymentPostprocessing = 0;
		};
/* End PBXFrameworksBuildPhase section */

/* Begin PBXGroup section */
		EF25C3DB1CA3C38300F03B29 = {
			isa = PBXGroup;
			children = (
				EF25C3E61CA3C38300F03B29 /* Minesweeper */,
				EF25C3FB1CA3C38300F03B29 /* MinesweeperTests */,
				EF25C3E51CA3C38300F03B29 /* Products */,
			);
			sourceTree = "<group>";
		};
		EF25C3E51CA3C38300F03B29 /* Products */ = {
			isa = PBXGroup;
			children = (
				EF25C3E41CA3C38300F03B29 /* Minesweeper.app */,
				EF25C3F81CA3C38300F03B29 /* MinesweeperTests.xctest */,
			);
			name = Products;
			sourceTree = "<group>";
		};
		EF25C3E61CA3C38300F03B29 /* Minesweeper */ = {
			isa = PBXGroup;
			children = (
				EF25C3E71CA3C38300F03B29 /* AppDelegate.swift */,
				EF25C3E91CA3C38300F03B29 /* ViewController.swift */,
				EF25C3EB1CA3C38300F03B29 /* Main.storyboard */,
				EF25C4071CA3C52300F03B29 /* Model.swift */,
				EF25C3EE1CA3C38300F03B29 /* Assets.xcassets */,
				EF25C3F01CA3C38300F03B29 /* LaunchScreen.storyboard */,
				EF25C3F31CA3C38300F03B29 /* Info.plist */,
				EF25C4091CA3C80500F03B29 /* MyView.swift */,
			);
			path = Minesweeper;
			sourceTree = "<group>";
		};
		EF25C3FB1CA3C38300F03B29 /* MinesweeperTests */ = {
			isa = PBXGroup;
			children = (
				EF25C3FC1CA3C38300F03B29 /* MinesweeperTests.swift */,
				EF25C3FE1CA3C38300F03B29 /* Info.plist */,
			);
			path = MinesweeperTests;
			sourceTree = "<group>";
		};
/* End PBXGroup section */

/* Begin PBXNativeTarget section */
		EF25C3E31CA3C38300F03B29 /* Minesweeper */ = {
			isa = PBXNativeTarget;
			buildConfigurationList = EF25C4011CA3C38300F03B29 /* Build configuration list for PBXNativeTarget "Minesweeper" */;
			buildPhases = (
				EF25C3E01CA3C38300F03B29 /* Sources */,
				EF25C3E11CA3C38300F03B29 /* Frameworks */,
				EF25C3E21CA3C38300F03B29 /* Resources */,
			);
			buildRules = (
			);
			dependencies = (
			);
			name = Minesweeper;
			productName = Minesweeper;
			productReference = EF25C3E41CA3C38300F03B29 /* Minesweeper.app */;
			productType = "com.apple.product-type.application";
		};
		EF25C3F71CA3C38300F03B29 /* MinesweeperTests */ = {
			isa = PBXNativeTarget;
			buildConfigurationList = EF25C4041CA3C38300F03B29 /* Build configuration list for PBXNativeTarget "MinesweeperTests" */;
			buildPhases = (
				EF25C3F41CA3C38300F03B29 /* Sources */,
				EF25C3F51CA3C38300F03B29 /* Frameworks */,
				EF25C3F61CA3C38300F03B29 /* Resources */,
			);
			buildRules = (
			);
			dependencies = (
				EF25C3FA1CA3C38300F03B29 /* PBXTargetDependency */,
			);
			name = MinesweeperTests;
			productName = MinesweeperTests;
			productReference = EF25C3F81CA3C38300F03B29 /* MinesweeperTests.xctest */;
			productType = "com.apple.product-type.bundle.unit-test";
		};
/* End PBXNativeTarget section */

/* Begin PBXProject section */
		EF25C3DC1CA3C38300F03B29 /* Project object */ = {
			isa = PBXProject;
			attributes = {
				LastSwiftUpdateCheck = 0720;
				LastUpgradeCheck = 0720;
				ORGANIZATIONNAME = "Ankit Kumar";
				TargetAttributes = {
					EF25C3E31CA3C38300F03B29 = {
						CreatedOnToolsVersion = 7.2.1;
						DevelopmentTeam = J94UKTLVH6;
					};
					EF25C3F71CA3C38300F03B29 = {
						CreatedOnToolsVersion = 7.2.1;
						DevelopmentTeam = J94UKTLVH6;
						TestTargetID = EF25C3E31CA3C38300F03B29;
					};
				};
			};
			buildConfigurationList = EF25C3DF1CA3C38300F03B29 /* Build configuration list for PBXProject "Minesweeper" */;
			compatibilityVersion = "Xcode 3.2";
			developmentRegion = English;
			hasScannedForEncodings = 0;
			knownRegions = (
				en,
				Base,
			);
			mainGroup = EF25C3DB1CA3C38300F03B29;
			productRefGroup = EF25C3E51CA3C38300F03B29 /* Products */;
			projectDirPath = "";
			projectRoot = "";
			targets = (
				EF25C3E31CA3C38300F03B29 /* Minesweeper */,
				EF25C3F71CA3C38300F03B29 /* MinesweeperTests */,
			);
		};
/* End PBXProject section */

/* Begin PBXResourcesBuildPhase section */
		EF25C3E21CA3C38300F03B29 /* Resources */ = {
			isa = PBXResourcesBuildPhase;
			buildActionMask = 2147483647;
			files = (
				EF25C3F21CA3C38300F03B29 /* LaunchScreen.storyboard in Resources */,
				EF25C3EF1CA3C38300F03B29 /* Assets.xcassets in Resources */,
				EF25C3ED1CA3C38300F03B29 /* Main.storyboard in Resources */,
			);
			runOnlyForDeploymentPostprocessing = 0;
		};
		EF25C3F61CA3C38300F03B29 /* Resources */ = {
			isa = PBXResourcesBuildPhase;
			buildActionMask = 2147483647;
			files = (
			);
			runOnlyForDeploymentPostprocessing = 0;
		};
/* End PBXResourcesBuildPhase section */

/* Begin PBXSourcesBuildPhase section */
		EF25C3E01CA3C38300F03B29 /* Sources */ = {
			isa = PBXSourcesBuildPhase;
			buildActionMask = 2147483647;
			files = (
				EF25C40A1CA3C80500F03B29 /* MyView.swift in Sources */,
				EF25C4081CA3C52300F03B29 /* Model.swift in Sources */,
				EF25C3EA1CA3C38300F03B29 /* ViewController.swift in Sources */,
				EF25C3E81CA3C38300F03B29 /* AppDelegate.swift in Sources */,
			);
			runOnlyForDeploymentPostprocessing = 0;
		};
		EF25C3F41CA3C38300F03B29 /* Sources */ = {
			isa = PBXSourcesBuildPhase;
			buildActionMask = 2147483647;
			files = (
				EF25C3FD1CA3C38300F03B29 /* MinesweeperTests.swift in Sources */,
			);
			runOnlyForDeploymentPostprocessing = 0;
		};
/* End PBXSourcesBuildPhase section */

/* Begin PBXTargetDependency section */
		EF25C3FA1CA3C38300F03B29 /* PBXTargetDependency */ = {
			isa = PBXTargetDependency;
			target = EF25C3E31CA3C38300F03B29 /* Minesweeper */;
			targetProxy = EF25C3F91CA3C38300F03B29 /* PBXContainerItemProxy */;
		};
/* End PBXTargetDependency section */

/* Begin PBXVariantGroup section */
		EF25C3EB1CA3C38300F03B29 /* Main.storyboard */ = {
			isa = PBXVariantGroup;
			children = (
				EF25C3EC1CA3C38300F03B29 /* Base */,
			);
			name = Main.storyboard;
			sourceTree = "<group>";
		};
		EF25C3F01CA3C38300F03B29 /* LaunchScreen.storyboard */ = {
			isa = PBXVariantGroup;
			children = (
				EF25C3F11CA3C38300F03B29 /* Base */,
			);
			name = LaunchScreen.storyboard;
			sourceTree = "<group>";
		};
/* End PBXVariantGroup section */

/* Begin XCBuildConfiguration section */
		EF25C3FF1CA3C38300F03B29 /* Debug */ = {
			isa = XCBuildConfiguration;
			buildSettings = {
				ALWAYS_SEARCH_USER_PATHS = NO;
				CLANG_CXX_LANGUAGE_STANDARD = "gnu++0x";
				CLANG_CXX_LIBRARY = "libc++";
				CLANG_ENABLE_MODULES = YES;
				CLANG_ENABLE_OBJC_ARC = YES;
				CLANG_WARN_BOOL_CONVERSION = YES;
				CLANG_WARN_CONSTANT_CONVERSION = YES;
				CLANG_WARN_DIRECT_OBJC_ISA_USAGE = YES_ERROR;
				CLANG_WARN_EMPTY_BODY = YES;
				CLANG_WARN_ENUM_CONVERSION = YES;
				CLANG_WARN_INT_CONVERSION = YES;
				CLANG_WARN_OBJC_ROOT_CLASS = YES_ERROR;
				CLANG_WARN_UNREACHABLE_CODE = YES;
				CLANG_WARN__DUPLICATE_METHOD_MATCH = YES;
				"CODE_SIGN_IDENTITY[sdk=iphoneos*]" = "iPhone Developer";
				COPY_PHASE_STRIP = NO;
				DEBUG_INFORMATION_FORMAT = dwarf;
				ENABLE_STRICT_OBJC_MSGSEND = YES;
				ENABLE_TESTABILITY = YES;
				GCC_C_LANGUAGE_STANDARD = gnu99;
				GCC_DYNAMIC_NO_PIC = NO;
				GCC_NO_COMMON_BLOCKS = YES;
				GCC_OPTIMIZATION_LEVEL = 0;
				GCC_PREPROCESSOR_DEFINITIONS = (
					"DEBUG=1",
					"$(inherited)",
				);
				GCC_WARN_64_TO_32_BIT_CONVERSION = YES;
				GCC_WARN_ABOUT_RETURN_TYPE = YES_ERROR;
				GCC_WARN_UNDECLARED_SELECTOR = YES;
				GCC_WARN_UNINITIALIZED_AUTOS = YES_AGGRESSIVE;
				GCC_WARN_UNUSED_FUNCTION = YES;
				GCC_WARN_UNUSED_VARIABLE = YES;
				IPHONEOS_DEPLOYMENT_TARGET = 9.2;
				MTL_ENABLE_DEBUG_INFO = YES;
				ONLY_ACTIVE_ARCH = YES;
				SDKROOT = iphoneos;
				SWIFT_OPTIMIZATION_LEVEL = "-Onone";
				TARGETED_DEVICE_FAMILY = "1,2";
			};
			name = Debug;
		};
		EF25C4001CA3C38300F03B29 /* Release */ = {
			isa = XCBuildConfiguration;
			buildSettings = {
				ALWAYS_SEARCH_USER_PATHS = NO;
				CLANG_CXX_LANGUAGE_STANDARD = "gnu++0x";
				CLANG_CXX_LIBRARY = "libc++";
				CLANG_ENABLE_MODULES = YES;
				CLANG_ENABLE_OBJC_ARC = YES;
				CLANG_WARN_BOOL_CONVERSION = YES;
				CLANG_WARN_CONSTANT_CONVERSION = YES;
				CLANG_WARN_DIRECT_OBJC_ISA_USAGE = YES_ERROR;
				CLANG_WARN_EMPTY_BODY = YES;
				CLANG_WARN_ENUM_CONVERSION = YES;
				CLANG_WARN_INT_CONVERSION = YES;
				CLANG_WARN_OBJC_ROOT_CLASS = YES_ERROR;
				CLANG_WARN_UNREACHABLE_CODE = YES;
				CLANG_WARN__DUPLICATE_METHOD_MATCH = YES;
				"CODE_SIGN_IDENTITY[sdk=iphoneos*]" = "iPhone Developer";
				COPY_PHASE_STRIP = NO;
				DEBUG_INFORMATION_FORMAT = "dwarf-with-dsym";
				ENABLE_NS_ASSERTIONS = NO;
				ENABLE_STRICT_OBJC_MSGSEND = YES;
				GCC_C_LANGUAGE_STANDARD = gnu99;
				GCC_NO_COMMON_BLOCKS = YES;
				GCC_WARN_64_TO_32_BIT_CONVERSION = YES;
				GCC_WARN_ABOUT_RETURN_TYPE = YES_ERROR;
				GCC_WARN_UNDECLARED_SELECTOR = YES;
				GCC_WARN_UNINITIALIZED_AUTOS = YES_AGGRESSIVE;
				GCC_WARN_UNUSED_FUNCTION = YES;
				GCC_WARN_UNUSED_VARIABLE = YES;
				IPHONEOS_DEPLOYMENT_TARGET = 9.2;
				MTL_ENABLE_DEBUG_INFO = NO;
				SDKROOT = iphoneos;
				TARGETED_DEVICE_FAMILY = "1,2";
				VALIDATE_PRODUCT = YES;
			};
			name = Release;
		};
		EF25C4021CA3C38300F03B29 /* Debug */ = {
			isa = XCBuildConfiguration;
			buildSettings = {
				ASSETCATALOG_COMPILER_APPICON_NAME = AppIcon;
				INFOPLIST_FILE = Minesweeper/Info.plist;
				LD_RUNPATH_SEARCH_PATHS = "$(inherited) @executable_path/Frameworks";
				PRODUCT_BUNDLE_IDENTIFIER = com.ankitrkumar.Minesweeper;
				PRODUCT_NAME = "$(TARGET_NAME)";
			};
			name = Debug;
		};
		EF25C4031CA3C38300F03B29 /* Release */ = {
			isa = XCBuildConfiguration;
			buildSettings = {
				ASSETCATALOG_COMPILER_APPICON_NAME = AppIcon;
				INFOPLIST_FILE = Minesweeper/Info.plist;
				LD_RUNPATH_SEARCH_PATHS = "$(inherited) @executable_path/Frameworks";
				PRODUCT_BUNDLE_IDENTIFIER = com.ankitrkumar.Minesweeper;
				PRODUCT_NAME = "$(TARGET_NAME)";
			};
			name = Release;
		};
		EF25C4051CA3C38300F03B29 /* Debug */ = {
			isa = XCBuildConfiguration;
			buildSettings = {
				BUNDLE_LOADER = "$(TEST_HOST)";
				INFOPLIST_FILE = MinesweeperTests/Info.plist;
				LD_RUNPATH_SEARCH_PATHS = "$(inherited) @executable_path/Frameworks @loader_path/Frameworks";
				PRODUCT_BUNDLE_IDENTIFIER = com.ankitrkumar.MinesweeperTests;
				PRODUCT_NAME = "$(TARGET_NAME)";
				TEST_HOST = "$(BUILT_PRODUCTS_DIR)/Minesweeper.app/Minesweeper";
			};
			name = Debug;
		};
		EF25C4061CA3C38300F03B29 /* Release */ = {
			isa = XCBuildConfiguration;
			buildSettings = {
				BUNDLE_LOADER = "$(TEST_HOST)";
				INFOPLIST_FILE = MinesweeperTests/Info.plist;
				LD_RUNPATH_SEARCH_PATHS = "$(inherited) @executable_path/Frameworks @loader_path/Frameworks";
				PRODUCT_BUNDLE_IDENTIFIER = com.ankitrkumar.MinesweeperTests;
				PRODUCT_NAME = "$(TARGET_NAME)";
				TEST_HOST = "$(BUILT_PRODUCTS_DIR)/Minesweeper.app/Minesweeper";
			};
			name = Release;
		};
/* End XCBuildConfiguration section */

/* Begin XCConfigurationList section */
		EF25C3DF1CA3C38300F03B29 /* Build configuration list for PBXProject "Minesweeper" */ = {
			isa = XCConfigurationList;
			buildConfigurations = (
				EF25C3FF1CA3C38300F03B29 /* Debug */,
				EF25C4001CA3C38300F03B29 /* Release */,
			);
			defaultConfigurationIsVisible = 0;
			defaultConfigurationName = Release;
		};
		EF25C4011CA3C38300F03B29 /* Build configuration list for PBXNativeTarget "Minesweeper" */ = {
			isa = XCConfigurationList;
			buildConfigurations = (
				EF25C4021CA3C38300F03B29 /* Debug */,
				EF25C4031CA3C38300F03B29 /* Release */,
			);
			defaultConfigurationIsVisible = 0;
		};
		EF25C4041CA3C38300F03B29 /* Build configuration list for PBXNativeTarget "MinesweeperTests" */ = {
			isa = XCConfigurationList;
			buildConfigurations = (
				EF25C4051CA3C38300F03B29 /* Debug */,
				EF25C4061CA3C38300F03B29 /* Release */,
			);
			defaultConfigurationIsVisible = 0;
		};
/* End XCConfigurationList section */
	};
	rootObject = EF25C3DC1CA3C38300F03B29 /* Project object */;
}
